
Microsoft Visual Studio Solution File, Format Version 12.00
# Visual Studio Version 17
VisualStudioVersion = 17.0.31903.59
MinimumVisualStudioVersion = 10.0.40219.1
Project("{2150E333-8FDC-42A3-9474-1A3956D46DE8}") = "src", "src", "{C1C32EFB-815B-4030-801A-F77EDB3CE940}"
EndProject
Project("{9A19103F-16F7-4668-BE54-9A1E7A4F7556}") = "CosmicFarm.Api", "src\CosmicFarm.Api\CosmicFarm.Api.csproj", "{335B1AE8-725E-415D-823F-BE62D9F0A02B}"
EndProject
Project("{2150E333-8FDC-42A3-9474-1A3956D46DE8}") = "1 - Presentation", "1 - Presentation", "{F7CEA467-8FAD-43DE-B86A-71165DC2F4DD}"
EndProject
Project("{FAE04EC0-301F-11D3-BF4B-00C04F79EFBC}") = "CosmicFarm.AppService", "src\CosmicFarm.AppService\CosmicFarm.AppService.csproj", "{6A1A8119-E708-4F71-BA09-8F11C93A6C3B}"
EndProject
Project("{2150E333-8FDC-42A3-9474-1A3956D46DE8}") = "2 - AppService", "2 - AppService", "{05C48549-0B92-46CD-BF8B-58430F1EF618}"
EndProject
Project("{2150E333-8FDC-42A3-9474-1A3956D46DE8}") = "3 - Domain", "3 - Domain", "{F534672F-6DAB-4AE9-9A1F-5C934AA4E2ED}"
EndProject
Project("{FAE04EC0-301F-11D3-BF4B-00C04F79EFBC}") = "CosmicFarm.Domain", "CosmicFarm.Domain\CosmicFarm.Domain.csproj", "{5D720E82-94BB-4FEE-8891-03C663BA5FD2}"
EndProject
Project("{2150E333-8FDC-42A3-9474-1A3956D46DE8}") = "4 - Infra", "4 - Infra", "{28CD84D3-C9D6-454B-8D8F-2B0DE4897194}"
EndProject
Project("{FAE04EC0-301F-11D3-BF4B-00C04F79EFBC}") = "CosmicFarm.Infrastructure", "CosmicFarm.Infrastructure\CosmicFarm.Infrastructure.csproj", "{B1FAE18D-60C2-4A1D-BE81-C55863B44D30}"
EndProject
Project("{2150E333-8FDC-42A3-9474-1A3956D46DE8}") = "5 - Modules", "5 - Modules", "{4DA47956-E2AF-4289-8E3B-E7AD034B919F}"
EndProject
Global
	GlobalSection(SolutionConfigurationPlatforms) = preSolution
		Debug|Any CPU = Debug|Any CPU
		Debug|x64 = Debug|x64
		Debug|x86 = Debug|x86
		Release|Any CPU = Release|Any CPU
		Release|x64 = Release|x64
		Release|x86 = Release|x86
	EndGlobalSection
	GlobalSection(ProjectConfigurationPlatforms) = postSolution
		{335B1AE8-725E-415D-823F-BE62D9F0A02B}.Debug|Any CPU.ActiveCfg = Debug|Any CPU
		{335B1AE8-725E-415D-823F-BE62D9F0A02B}.Debug|Any CPU.Build.0 = Debug|Any CPU
		{335B1AE8-725E-415D-823F-BE62D9F0A02B}.Debug|x64.ActiveCfg = Debug|Any CPU
		{335B1AE8-725E-415D-823F-BE62D9F0A02B}.Debug|x64.Build.0 = Debug|Any CPU
		{335B1AE8-725E-415D-823F-BE62D9F0A02B}.Debug|x86.ActiveCfg = Debug|Any CPU
		{335B1AE8-725E-415D-823F-BE62D9F0A02B}.Debug|x86.Build.0 = Debug|Any CPU
		{335B1AE8-725E-415D-823F-BE62D9F0A02B}.Release|Any CPU.ActiveCfg = Release|Any CPU
		{335B1AE8-725E-415D-823F-BE62D9F0A02B}.Release|Any CPU.Build.0 = Release|Any CPU
		{335B1AE8-725E-415D-823F-BE62D9F0A02B}.Release|x64.ActiveCfg = Release|Any CPU
		{335B1AE8-725E-415D-823F-BE62D9F0A02B}.Release|x64.Build.0 = Release|Any CPU
		{335B1AE8-725E-415D-823F-BE62D9F0A02B}.Release|x86.ActiveCfg = Release|Any CPU
		{335B1AE8-725E-415D-823F-BE62D9F0A02B}.Release|x86.Build.0 = Release|Any CPU
		{6A1A8119-E708-4F71-BA09-8F11C93A6C3B}.Debug|Any CPU.ActiveCfg = Debug|Any CPU
		{6A1A8119-E708-4F71-BA09-8F11C93A6C3B}.Debug|Any CPU.Build.0 = Debug|Any CPU
		{6A1A8119-E708-4F71-BA09-8F11C93A6C3B}.Debug|x64.ActiveCfg = Debug|Any CPU
		{6A1A8119-E708-4F71-BA09-8F11C93A6C3B}.Debug|x64.Build.0 = Debug|Any CPU
		{6A1A8119-E708-4F71-BA09-8F11C93A6C3B}.Debug|x86.ActiveCfg = Debug|Any CPU
		{6A1A8119-E708-4F71-BA09-8F11C93A6C3B}.Debug|x86.Build.0 = Debug|Any CPU
		{6A1A8119-E708-4F71-BA09-8F11C93A6C3B}.Release|Any CPU.ActiveCfg = Release|Any CPU
		{6A1A8119-E708-4F71-BA09-8F11C93A6C3B}.Release|Any CPU.Build.0 = Release|Any CPU
		{6A1A8119-E708-4F71-BA09-8F11C93A6C3B}.Release|x64.ActiveCfg = Release|Any CPU
		{6A1A8119-E708-4F71-BA09-8F11C93A6C3B}.Release|x64.Build.0 = Release|Any CPU
		{6A1A8119-E708-4F71-BA09-8F11C93A6C3B}.Release|x86.ActiveCfg = Release|Any CPU
		{6A1A8119-E708-4F71-BA09-8F11C93A6C3B}.Release|x86.Build.0 = Release|Any CPU
		{5D720E82-94BB-4FEE-8891-03C663BA5FD2}.Debug|Any CPU.ActiveCfg = Debug|Any CPU
		{5D720E82-94BB-4FEE-8891-03C663BA5FD2}.Debug|Any CPU.Build.0 = Debug|Any CPU
		{5D720E82-94BB-4FEE-8891-03C663BA5FD2}.Debug|x64.ActiveCfg = Debug|Any CPU
		{5D720E82-94BB-4FEE-8891-03C663BA5FD2}.Debug|x64.Build.0 = Debug|Any CPU
		{5D720E82-94BB-4FEE-8891-03C663BA5FD2}.Debug|x86.ActiveCfg = Debug|Any CPU
		{5D720E82-94BB-4FEE-8891-03C663BA5FD2}.Debug|x86.Build.0 = Debug|Any CPU
		{5D720E82-94BB-4FEE-8891-03C663BA5FD2}.Release|Any CPU.ActiveCfg = Release|Any CPU
		{5D720E82-94BB-4FEE-8891-03C663BA5FD2}.Release|Any CPU.Build.0 = Release|Any CPU
		{5D720E82-94BB-4FEE-8891-03C663BA5FD2}.Release|x64.ActiveCfg = Release|Any CPU
		{5D720E82-94BB-4FEE-8891-03C663BA5FD2}.Release|x64.Build.0 = Release|Any CPU
		{5D720E82-94BB-4FEE-8891-03C663BA5FD2}.Release|x86.ActiveCfg = Release|Any CPU
		{5D720E82-94BB-4FEE-8891-03C663BA5FD2}.Release|x86.Build.0 = Release|Any CPU
		{B1FAE18D-60C2-4A1D-BE81-C55863B44D30}.Debug|Any CPU.ActiveCfg = Debug|Any CPU
		{B1FAE18D-60C2-4A1D-BE81-C55863B44D30}.Debug|Any CPU.Build.0 = Debug|Any CPU
		{B1FAE18D-60C2-4A1D-BE81-C55863B44D30}.Debug|x64.ActiveCfg = Debug|Any CPU
		{B1FAE18D-60C2-4A1D-BE81-C55863B44D30}.Debug|x64.Build.0 = Debug|Any CPU
		{B1FAE18D-60C2-4A1D-BE81-C55863B44D30}.Debug|x86.ActiveCfg = Debug|Any CPU
		{B1FAE18D-60C2-4A1D-BE81-C55863B44D30}.Debug|x86.Build.0 = Debug|Any CPU
		{B1FAE18D-60C2-4A1D-BE81-C55863B44D30}.Release|Any CPU.ActiveCfg = Release|Any CPU
		{B1FAE18D-60C2-4A1D-BE81-C55863B44D30}.Release|Any CPU.Build.0 = Release|Any CPU
		{B1FAE18D-60C2-4A1D-BE81-C55863B44D30}.Release|x64.ActiveCfg = Release|Any CPU
		{B1FAE18D-60C2-4A1D-BE81-C55863B44D30}.Release|x64.Build.0 = Release|Any CPU
		{B1FAE18D-60C2-4A1D-BE81-C55863B44D30}.Release|x86.ActiveCfg = Release|Any CPU
		{B1FAE18D-60C2-4A1D-BE81-C55863B44D30}.Release|x86.Build.0 = Release|Any CPU
	EndGlobalSection
	GlobalSection(SolutionProperties) = preSolution
		HideSolutionNode = FALSE
	EndGlobalSection
	GlobalSection(NestedProjects) = preSolution
		{335B1AE8-725E-415D-823F-BE62D9F0A02B} = {F7CEA467-8FAD-43DE-B86A-71165DC2F4DD}
		{F7CEA467-8FAD-43DE-B86A-71165DC2F4DD} = {C1C32EFB-815B-4030-801A-F77EDB3CE940}
		{6A1A8119-E708-4F71-BA09-8F11C93A6C3B} = {05C48549-0B92-46CD-BF8B-58430F1EF618}
		{05C48549-0B92-46CD-BF8B-58430F1EF618} = {C1C32EFB-815B-4030-801A-F77EDB3CE940}
		{F534672F-6DAB-4AE9-9A1F-5C934AA4E2ED} = {C1C32EFB-815B-4030-801A-F77EDB3CE940}
		{5D720E82-94BB-4FEE-8891-03C663BA5FD2} = {F534672F-6DAB-4AE9-9A1F-5C934AA4E2ED}
		{28CD84D3-C9D6-454B-8D8F-2B0DE4897194} = {C1C32EFB-815B-4030-801A-F77EDB3CE940}
		{B1FAE18D-60C2-4A1D-BE81-C55863B44D30} = {28CD84D3-C9D6-454B-8D8F-2B0DE4897194}
		{4DA47956-E2AF-4289-8E3B-E7AD034B919F} = {C1C32EFB-815B-4030-801A-F77EDB3CE940}
	EndGlobalSection
EndGlobal
